
Microsoft Visual Studio Solution File, Format Version 12.00
# Visual Studio Version 16
VisualStudioVersion = 16.0.36631.11
MinimumVisualStudioVersion = 10.0.40219.1
Project("{FAE04EC0-301F-11D3-BF4B-00C04F79EFBC}") = "MiniPandas.Core", "MiniPandas.Core.csproj", "{089DBE63-A746-4A93-A42D-51DE339343AC}"
EndProject
Project("{FAE04EC0-301F-11D3-BF4B-00C04F79EFBC}") = "MiniPandas.Tests", "..\MiniPandas.Tests\MiniPandas.Tests.csproj", "{0D7F7343-E124-4D84-AB53-95A6B939FE59}"
EndProject
Project("{FAE04EC0-301F-11D3-BF4B-00C04F79EFBC}") = "MiniPandas.Demo", "..\MiniPandas.Demo\MiniPandas.Demo.csproj", "{5E1CC0AE-890C-4220-B3CB-7738F23BFEB2}"
EndProject
Global
	GlobalSection(SolutionConfigurationPlatforms) = preSolution
		Debug|Any CPU = Debug|Any CPU
		Release|Any CPU = Release|Any CPU
	EndGlobalSection
	GlobalSection(ProjectConfigurationPlatforms) = postSolution
		{089DBE63-A746-4A93-A42D-51DE339343AC}.Debug|Any CPU.ActiveCfg = Debug|Any CPU
		{089DBE63-A746-4A93-A42D-51DE339343AC}.Debug|Any CPU.Build.0 = Debug|Any CPU
		{089DBE63-A746-4A93-A42D-51DE339343AC}.Release|Any CPU.ActiveCfg = Release|Any CPU
		{089DBE63-A746-4A93-A42D-51DE339343AC}.Release|Any CPU.Build.0 = Release|Any CPU
		{0D7F7343-E124-4D84-AB53-95A6B939FE59}.Debug|Any CPU.ActiveCfg = Debug|Any CPU
		{0D7F7343-E124-4D84-AB53-95A6B939FE59}.Debug|Any CPU.Build.0 = Debug|Any CPU
		{0D7F7343-E124-4D84-AB53-95A6B939FE59}.Release|Any CPU.ActiveCfg = Release|Any CPU
		{0D7F7343-E124-4D84-AB53-95A6B939FE59}.Release|Any CPU.Build.0 = Release|Any CPU
		{5E1CC0AE-890C-4220-B3CB-7738F23BFEB2}.Debug|Any CPU.ActiveCfg = Debug|Any CPU
		{5E1CC0AE-890C-4220-B3CB-7738F23BFEB2}.Debug|Any CPU.Build.0 = Debug|Any CPU
		{5E1CC0AE-890C-4220-B3CB-7738F23BFEB2}.Release|Any CPU.ActiveCfg = Release|Any CPU
		{5E1CC0AE-890C-4220-B3CB-7738F23BFEB2}.Release|Any CPU.Build.0 = Release|Any CPU
	EndGlobalSection
	GlobalSection(SolutionProperties) = preSolution
		HideSolutionNode = FALSE
	EndGlobalSection
	GlobalSection(ExtensibilityGlobals) = postSolution
		SolutionGuid = {2B1C827F-251A-4A1C-BCF4-95F9BB54CDC5}
	EndGlobalSection
EndGlobal
